{
  "name": "back-to-the-basics-workshop",
  "version": "1.0.0",
  "lockfileVersion": 2,
  "requires": true,
  "packages": {
    "": {
      "name": "back-to-the-basics-workshop",
      "version": "1.0.0",
      "license": "ISC",
      "dependencies": {
        "sleep": "^6.3.0"
      }
    },
    "node_modules/nan": {
      "version": "2.15.0",
      "resolved": "https://registry.npmjs.org/nan/-/nan-2.15.0.tgz",
      "integrity": "sha512-8ZtvEnA2c5aYCZYd1cvgdnU6cqwixRoYg70xPLWUws5ORTa/lnw+u4amixRS/Ac5U5mQVgp9pnlSUnbNWFaWZQ=="
    },
    "node_modules/sleep": {
      "version": "6.3.0",
      "resolved": "https://registry.npmjs.org/sleep/-/sleep-6.3.0.tgz",
      "integrity": "sha512-+WgYl951qdUlb1iS97UvQ01pkauoBK9ML9I/CMPg41v0Ze4EyMlTgFTDDo32iYj98IYqxIjDMRd+L71lawFfpQ==",
      "hasInstallScript": true,
      "dependencies": {
        "nan": "^2.14.1"
      },
      "engines": {
        "node": ">=0.8.0"
      }
    }
  },
  "dependencies": {
    "nan": {
      "version": "2.15.0",
      "resolved": "https://registry.npmjs.org/nan/-/nan-2.15.0.tgz",
      "integrity": "sha512-8ZtvEnA2c5aYCZYd1cvgdnU6cqwixRoYg70xPLWUws5ORTa/lnw+u4amixRS/Ac5U5mQVgp9pnlSUnbNWFaWZQ=="
    },
    "sleep": {
      "version": "6.3.0",
      "resolved": "https://registry.npmjs.org/sleep/-/sleep-6.3.0.tgz",
      "integrity": "sha512-+WgYl951qdUlb1iS97UvQ01pkauoBK9ML9I/CMPg41v0Ze4EyMlTgFTDDo32iYj98IYqxIjDMRd+L71lawFfpQ==",
      "requires": {
        "nan": "^2.14.1"
      }
    }
  }
}
